// !$*UTF8*$!
{
	archiveVersion = 1;
	classes = {
	};
	objectVersion = 77;
	objects = {

/* Begin PBXBuildFile section */
		0ECE7B3E808BB92D909A39C3 /* DashboardCore in Frameworks */ = {isa = PBXBuildFile; productRef = 6DB1427F3F99DB4A6A074A46 /* DashboardCore */; };
		514C212DE61AA6EEEDDCC765 /* SettingsView.swift in Sources */ = {isa = PBXBuildFile; fileRef = 1ECAF84357F5BE4FA51AA26B /* SettingsView.swift */; };
		A4EFAE88AC7906FF66B4188C /* skills in Resources */ = {isa = PBXBuildFile; fileRef = 524DCB12AE9F092B1F3537BD /* skills */; };
		B92A53D0E5557087BB640C11 /* DashboardApp.swift in Sources */ = {isa = PBXBuildFile; fileRef = B0A62481BBD657341F79B7A4 /* DashboardApp.swift */; };
		C8B88B2B59ED7852686DE6A7 /* RootView.swift in Sources */ = {isa = PBXBuildFile; fileRef = 6BF30C0B94752E7084D0630C /* RootView.swift */; };
		CA04CDDFE4B3E21135003DB9 /* Assets.xcassets in Resources */ = {isa = PBXBuildFile; fileRef = EA0BEF37FA193CE88D3649E8 /* Assets.xcassets */; };
		DD6DFD6DE936DA7BB68810EF /* CodeViews.swift in Sources */ = {isa = PBXBuildFile; fileRef = 696A0FA4C61A7B95B160D48A /* CodeViews.swift */; };
		E10615ACF40A0916341730B4 /* PullRequestViews.swift in Sources */ = {isa = PBXBuildFile; fileRef = 7285A6361F27C14107F36B28 /* PullRequestViews.swift */; };
		E44FA898D4DDD0B5C8644F04 /* ClaudeViews.swift in Sources */ = {isa = PBXBuildFile; fileRef = 5D2FFF6894314D6E3511C413 /* ClaudeViews.swift */; };
/* End PBXBuildFile section */

/* Begin PBXFileReference section */
		118100849D12DB8FB55FE1EC /* GitHubDashboard.app */ = {isa = PBXFileReference; includeInIndex = 0; lastKnownFileType = wrapper.application; path = GitHubDashboard.app; sourceTree = BUILT_PRODUCTS_DIR; };
		1ECAF84357F5BE4FA51AA26B /* SettingsView.swift */ = {isa = PBXFileReference; lastKnownFileType = sourcecode.swift; path = SettingsView.swift; sourceTree = "<group>"; };
		524DCB12AE9F092B1F3537BD /* skills */ = {isa = PBXFileReference; lastKnownFileType = folder; path = skills; sourceTree = SOURCE_ROOT; };
		5D2FFF6894314D6E3511C413 /* ClaudeViews.swift */ = {isa = PBXFileReference; lastKnownFileType = sourcecode.swift; path = ClaudeViews.swift; sourceTree = "<group>"; };
		696A0FA4C61A7B95B160D48A /* CodeViews.swift */ = {isa = PBXFileReference; lastKnownFileType = sourcecode.swift; path = CodeViews.swift; sourceTree = "<group>"; };
		6BF30C0B94752E7084D0630C /* RootView.swift */ = {isa = PBXFileReference; lastKnownFileType = sourcecode.swift; path = RootView.swift; sourceTree = "<group>"; };
		7285A6361F27C14107F36B28 /* PullRequestViews.swift */ = {isa = PBXFileReference; lastKnownFileType = sourcecode.swift; path = PullRequestViews.swift; sourceTree = "<group>"; };
		933548D672563F9C6109E931 /* Core */ = {isa = PBXFileReference; lastKnownFileType = folder; name = Core; path = Core; sourceTree = SOURCE_ROOT; };
		B0A62481BBD657341F79B7A4 /* DashboardApp.swift */ = {isa = PBXFileReference; lastKnownFileType = sourcecode.swift; path = DashboardApp.swift; sourceTree = "<group>"; };
		EA0BEF37FA193CE88D3649E8 /* Assets.xcassets */ = {isa = PBXFileReference; lastKnownFileType = folder.assetcatalog; path = Assets.xcassets; sourceTree = "<group>"; };
		FE48E3086AFFA29EC1BBBBFB /* Info.plist */ = {isa = PBXFileReference; lastKnownFileType = text.plist; path = Info.plist; sourceTree = "<group>"; };
/* End PBXFileReference section */

/* Begin PBXFrameworksBuildPhase section */
		6320DFC60A55877B0AAA3515 /* Frameworks */ = {
			isa = PBXFrameworksBuildPhase;
			buildActionMask = 2147483647;
			files = (
				0ECE7B3E808BB92D909A39C3 /* DashboardCore in Frameworks */,
			);
			runOnlyForDeploymentPostprocessing = 0;
		};
/* End PBXFrameworksBuildPhase section */

/* Begin PBXGroup section */
		03A01EFD4A86171367784725 = {
			isa = PBXGroup;
			children = (
				524DCB12AE9F092B1F3537BD /* skills */,
				1A547CBE7C5F5E30454C9EBE /* App */,
				BCBC2567A744385E8F650510 /* Packages */,
				0FE61A584F444F3B4D8D4E38 /* Products */,
			);
			sourceTree = "<group>";
		};
		0FE61A584F444F3B4D8D4E38 /* Products */ = {
			isa = PBXGroup;
			children = (
				118100849D12DB8FB55FE1EC /* GitHubDashboard.app */,
			);
			name = Products;
			sourceTree = "<group>";
		};
		1A547CBE7C5F5E30454C9EBE /* App */ = {
			isa = PBXGroup;
			children = (
				EA0BEF37FA193CE88D3649E8 /* Assets.xcassets */,
				5D2FFF6894314D6E3511C413 /* ClaudeViews.swift */,
				696A0FA4C61A7B95B160D48A /* CodeViews.swift */,
				B0A62481BBD657341F79B7A4 /* DashboardApp.swift */,
				FE48E3086AFFA29EC1BBBBFB /* Info.plist */,
				7285A6361F27C14107F36B28 /* PullRequestViews.swift */,
				6BF30C0B94752E7084D0630C /* RootView.swift */,
				1ECAF84357F5BE4FA51AA26B /* SettingsView.swift */,
			);
			path = App;
			sourceTree = "<group>";
		};
		BCBC2567A744385E8F650510 /* Packages */ = {
			isa = PBXGroup;
			children = (
				933548D672563F9C6109E931 /* Core */,
			);
			name = Packages;
			sourceTree = "<group>";
		};
/* End PBXGroup section */

/* Begin PBXNativeTarget section */
		2A7A9C2D1583091B636CFD52 /* GitHubDashboard */ = {
			isa = PBXNativeTarget;
			buildConfigurationList = D918691EE5872218EC532F09 /* Build configuration list for PBXNativeTarget "GitHubDashboard" */;
			buildPhases = (
				E53522A986A51A70D9CF2A93 /* Sources */,
				F7FE1DCBE88AF048602019DF /* Resources */,
				6320DFC60A55877B0AAA3515 /* Frameworks */,
			);
			buildRules = (
			);
			dependencies = (
			);
			name = GitHubDashboard;
			packageProductDependencies = (
				6DB1427F3F99DB4A6A074A46 /* DashboardCore */,
			);
			productName = GitHubDashboard;
			productReference = 118100849D12DB8FB55FE1EC /* GitHubDashboard.app */;
			productType = "com.apple.product-type.application";
		};
/* End PBXNativeTarget section */

/* Begin PBXProject section */
		F6988797220F5BBEABE77CAF /* Project object */ = {
			isa = PBXProject;
			attributes = {
				BuildIndependentTargetsInParallel = YES;
				LastUpgradeCheck = 1430;
				TargetAttributes = {
					2A7A9C2D1583091B636CFD52 = {
						DevelopmentTeam = "";
						ProvisioningStyle = Automatic;
					};
				};
			};
			buildConfigurationList = B9699E10D9D2034259FD252E /* Build configuration list for PBXProject "GitHubDashboard" */;
			compatibilityVersion = "Xcode 14.0";
			developmentRegion = en;
			hasScannedForEncodings = 0;
			knownRegions = (
				Base,
				en,
			);
			mainGroup = 03A01EFD4A86171367784725;
			minimizedProjectReferenceProxies = 1;
			packageReferences = (
				626182ED7FF9B2C1A98B0790 /* XCLocalSwiftPackageReference "Core" */,
			);
			preferredProjectObjectVersion = 77;
			projectDirPath = "";
			projectRoot = "";
			targets = (
				2A7A9C2D1583091B636CFD52 /* GitHubDashboard */,
			);
		};
/* End PBXProject section */

/* Begin PBXResourcesBuildPhase section */
		F7FE1DCBE88AF048602019DF /* Resources */ = {
			isa = PBXResourcesBuildPhase;
			buildActionMask = 2147483647;
			files = (
				CA04CDDFE4B3E21135003DB9 /* Assets.xcassets in Resources */,
				A4EFAE88AC7906FF66B4188C /* skills in Resources */,
			);
			runOnlyForDeploymentPostprocessing = 0;
		};
/* End PBXResourcesBuildPhase section */

/* Begin PBXSourcesBuildPhase section */
		E53522A986A51A70D9CF2A93 /* Sources */ = {
			isa = PBXSourcesBuildPhase;
			buildActionMask = 2147483647;
			files = (
				E44FA898D4DDD0B5C8644F04 /* ClaudeViews.swift in Sources */,
				DD6DFD6DE936DA7BB68810EF /* CodeViews.swift in Sources */,
				B92A53D0E5557087BB640C11 /* DashboardApp.swift in Sources */,
				E10615ACF40A0916341730B4 /* PullRequestViews.swift in Sources */,
				C8B88B2B59ED7852686DE6A7 /* RootView.swift in Sources */,
				514C212DE61AA6EEEDDCC765 /* SettingsView.swift in Sources */,
			);
			runOnlyForDeploymentPostprocessing = 0;
		};
/* End PBXSourcesBuildPhase section */

/* Begin XCBuildConfiguration section */
		19F4F1AA41E8163DB0317287 /* Debug */ = {
			isa = XCBuildConfiguration;
			buildSettings = {
				ALWAYS_SEARCH_USER_PATHS = NO;
				CLANG_ANALYZER_NONNULL = YES;
				CLANG_ANALYZER_NUMBER_OBJECT_CONVERSION = YES_AGGRESSIVE;
				CLANG_CXX_LANGUAGE_STANDARD = "gnu++14";
				CLANG_CXX_LIBRARY = "libc++";
				CLANG_ENABLE_MODULES = YES;
				CLANG_ENABLE_OBJC_ARC = YES;
				CLANG_ENABLE_OBJC_WEAK = YES;
				CLANG_WARN_BLOCK_CAPTURE_AUTORELEASING = YES;
				CLANG_WARN_BOOL_CONVERSION = YES;
				CLANG_WARN_COMMA = YES;
				CLANG_WARN_CONSTANT_CONVERSION = YES;
				CLANG_WARN_DEPRECATED_OBJC_IMPLEMENTATIONS = YES;
				CLANG_WARN_DIRECT_OBJC_ISA_USAGE = YES_ERROR;
				CLANG_WARN_DOCUMENTATION_COMMENTS = YES;
				CLANG_WARN_EMPTY_BODY = YES;
				CLANG_WARN_ENUM_CONVERSION = YES;
				CLANG_WARN_INFINITE_RECURSION = YES;
				CLANG_WARN_INT_CONVERSION = YES;
				CLANG_WARN_NON_LITERAL_NULL_CONVERSION = YES;
				CLANG_WARN_OBJC_IMPLICIT_RETAIN_SELF = YES;
				CLANG_WARN_OBJC_LITERAL_CONVERSION = YES;
				CLANG_WARN_OBJC_ROOT_CLASS = YES_ERROR;
				CLANG_WARN_QUOTED_INCLUDE_IN_FRAMEWORK_HEADER = YES;
				CLANG_WARN_RANGE_LOOP_ANALYSIS = YES;
				CLANG_WARN_STRICT_PROTOTYPES = YES;
				CLANG_WARN_SUSPICIOUS_MOVE = YES;
				CLANG_WARN_UNGUARDED_AVAILABILITY = YES_AGGRESSIVE;
				CLANG_WARN_UNREACHABLE_CODE = YES;
				CLANG_WARN__DUPLICATE_METHOD_MATCH = YES;
				COPY_PHASE_STRIP = NO;
				DEBUG_INFORMATION_FORMAT = dwarf;
				ENABLE_STRICT_OBJC_MSGSEND = YES;
				ENABLE_TESTABILITY = YES;
				GCC_C_LANGUAGE_STANDARD = gnu11;
				GCC_DYNAMIC_NO_PIC = NO;
				GCC_NO_COMMON_BLOCKS = YES;
				GCC_OPTIMIZATION_LEVEL = 0;
				GCC_PREPROCESSOR_DEFINITIONS = (
					"$(inherited)",
					"DEBUG=1",
				);
				GCC_WARN_64_TO_32_BIT_CONVERSION = YES;
				GCC_WARN_ABOUT_RETURN_TYPE = YES_ERROR;
				GCC_WARN_UNDECLARED_SELECTOR = YES;
				GCC_WARN_UNINITIALIZED_AUTOS = YES_AGGRESSIVE;
				GCC_WARN_UNUSED_FUNCTION = YES;
				GCC_WARN_UNUSED_VARIABLE = YES;
				IPHONEOS_DEPLOYMENT_TARGET = 17.0;
				MACOSX_DEPLOYMENT_TARGET = 14.0;
				MTL_ENABLE_DEBUG_INFO = INCLUDE_SOURCE;
				MTL_FAST_MATH = YES;
				ONLY_ACTIVE_ARCH = YES;
				PRODUCT_NAME = "$(TARGET_NAME)";
				SDKROOT = auto;
				SWIFT_ACTIVE_COMPILATION_CONDITIONS = DEBUG;
				SWIFT_OPTIMIZATION_LEVEL = "-Onone";
				SWIFT_VERSION = 5.0;
			};
			name = Debug;
		};
		40892EE894805327120D6146 /* Release */ = {
			isa = XCBuildConfiguration;
			buildSettings = {
				ALWAYS_SEARCH_USER_PATHS = NO;
				CLANG_ANALYZER_NONNULL = YES;
				CLANG_ANALYZER_NUMBER_OBJECT_CONVERSION = YES_AGGRESSIVE;
				CLANG_CXX_LANGUAGE_STANDARD = "gnu++14";
				CLANG_CXX_LIBRARY = "libc++";
				CLANG_ENABLE_MODULES = YES;
				CLANG_ENABLE_OBJC_ARC = YES;
				CLANG_ENABLE_OBJC_WEAK = YES;
				CLANG_WARN_BLOCK_CAPTURE_AUTORELEASING = YES;
				CLANG_WARN_BOOL_CONVERSION = YES;
				CLANG_WARN_COMMA = YES;
				CLANG_WARN_CONSTANT_CONVERSION = YES;
				CLANG_WARN_DEPRECATED_OBJC_IMPLEMENTATIONS = YES;
				CLANG_WARN_DIRECT_OBJC_ISA_USAGE = YES_ERROR;
				CLANG_WARN_DOCUMENTATION_COMMENTS = YES;
				CLANG_WARN_EMPTY_BODY = YES;
				CLANG_WARN_ENUM_CONVERSION = YES;
				CLANG_WARN_INFINITE_RECURSION = YES;
				CLANG_WARN_INT_CONVERSION = YES;
				CLANG_WARN_NON_LITERAL_NULL_CONVERSION = YES;
				CLANG_WARN_OBJC_IMPLICIT_RETAIN_SELF = YES;
				CLANG_WARN_OBJC_LITERAL_CONVERSION = YES;
				CLANG_WARN_OBJC_ROOT_CLASS = YES_ERROR;
				CLANG_WARN_QUOTED_INCLUDE_IN_FRAMEWORK_HEADER = YES;
				CLANG_WARN_RANGE_LOOP_ANALYSIS = YES;
				CLANG_WARN_STRICT_PROTOTYPES = YES;
				CLANG_WARN_SUSPICIOUS_MOVE = YES;
				CLANG_WARN_UNGUARDED_AVAILABILITY = YES_AGGRESSIVE;
				CLANG_WARN_UNREACHABLE_CODE = YES;
				CLANG_WARN__DUPLICATE_METHOD_MATCH = YES;
				COPY_PHASE_STRIP = NO;
				DEBUG_INFORMATION_FORMAT = "dwarf-with-dsym";
				ENABLE_NS_ASSERTIONS = NO;
				ENABLE_STRICT_OBJC_MSGSEND = YES;
				GCC_C_LANGUAGE_STANDARD = gnu11;
				GCC_NO_COMMON_BLOCKS = YES;
				GCC_WARN_64_TO_32_BIT_CONVERSION = YES;
				GCC_WARN_ABOUT_RETURN_TYPE = YES_ERROR;
				GCC_WARN_UNDECLARED_SELECTOR = YES;
				GCC_WARN_UNINITIALIZED_AUTOS = YES_AGGRESSIVE;
				GCC_WARN_UNUSED_FUNCTION = YES;
				GCC_WARN_UNUSED_VARIABLE = YES;
				IPHONEOS_DEPLOYMENT_TARGET = 17.0;
				MACOSX_DEPLOYMENT_TARGET = 14.0;
				MTL_ENABLE_DEBUG_INFO = NO;
				MTL_FAST_MATH = YES;
				PRODUCT_NAME = "$(TARGET_NAME)";
				SDKROOT = auto;
				SWIFT_COMPILATION_MODE = wholemodule;
				SWIFT_OPTIMIZATION_LEVEL = "-O";
				SWIFT_VERSION = 5.0;
			};
			name = Release;
		};
		723E2B07119354ACAC0C6921 /* Debug */ = {
			isa = XCBuildConfiguration;
			buildSettings = {
				ASSETCATALOG_COMPILER_APPICON_NAME = AppIcon;
				CODE_SIGN_IDENTITY = "iPhone Developer";
				"CODE_SIGN_IDENTITY[sdk=macosx*]" = "-";
				CODE_SIGN_STYLE = Automatic;
				DASHBOARD_BUNDLE_ID = "dev.example.github-dashboard";
				DASHBOARD_IGNORED_LOGINS = "";
				DASHBOARD_ORGS = "";
				DEVELOPMENT_TEAM = "";
				ENABLE_HARDENED_RUNTIME = YES;
				GENERATE_INFOPLIST_FILE = NO;
				INFOPLIST_FILE = App/Info.plist;
				LD_RUNPATH_SEARCH_PATHS = (
					"$(inherited)",
					"@executable_path/Frameworks",
				);
				PRODUCT_BUNDLE_IDENTIFIER = "$(DASHBOARD_BUNDLE_ID)";
				PRODUCT_NAME = "GitHub Dashboard";
				SDKROOT = auto;
				SUPPORTED_PLATFORMS = "iphoneos iphonesimulator macosx";
				SUPPORTS_MACCATALYST = NO;
				SUPPORTS_MAC_DESIGNED_FOR_IPHONE_IPAD = NO;
				SUPPORTS_XR_DESIGNED_FOR_IPHONE_IPAD = YES;
				SWIFT_VERSION = 5.0;
				TARGETED_DEVICE_FAMILY = "1,2";
			};
			name = Debug;
		};
		BB22DCCC4B880AC509F20C51 /* Release */ = {
			isa = XCBuildConfiguration;
			buildSettings = {
				ASSETCATALOG_COMPILER_APPICON_NAME = AppIcon;
				CODE_SIGN_IDENTITY = "iPhone Developer";
				"CODE_SIGN_IDENTITY[sdk=macosx*]" = "-";
				CODE_SIGN_STYLE = Automatic;
				DASHBOARD_BUNDLE_ID = "dev.example.github-dashboard";
				DASHBOARD_IGNORED_LOGINS = "";
				DASHBOARD_ORGS = "";
				DEVELOPMENT_TEAM = "";
				ENABLE_HARDENED_RUNTIME = YES;
				GENERATE_INFOPLIST_FILE = NO;
				INFOPLIST_FILE = App/Info.plist;
				LD_RUNPATH_SEARCH_PATHS = (
					"$(inherited)",
					"@executable_path/Frameworks",
				);
				PRODUCT_BUNDLE_IDENTIFIER = "$(DASHBOARD_BUNDLE_ID)";
				PRODUCT_NAME = "GitHub Dashboard";
				SDKROOT = auto;
				SUPPORTED_PLATFORMS = "iphoneos iphonesimulator macosx";
				SUPPORTS_MACCATALYST = NO;
				SUPPORTS_MAC_DESIGNED_FOR_IPHONE_IPAD = NO;
				SUPPORTS_XR_DESIGNED_FOR_IPHONE_IPAD = YES;
				SWIFT_VERSION = 5.0;
				TARGETED_DEVICE_FAMILY = "1,2";
			};
			name = Release;
		};
/* End XCBuildConfiguration section */

/* Begin XCConfigurationList section */
		B9699E10D9D2034259FD252E /* Build configuration list for PBXProject "GitHubDashboard" */ = {
			isa = XCConfigurationList;
			buildConfigurations = (
				19F4F1AA41E8163DB0317287 /* Debug */,
				40892EE894805327120D6146 /* Release */,
			);
			defaultConfigurationIsVisible = 0;
			defaultConfigurationName = Debug;
		};
		D918691EE5872218EC532F09 /* Build configuration list for PBXNativeTarget "GitHubDashboard" */ = {
			isa = XCConfigurationList;
			buildConfigurations = (
				723E2B07119354ACAC0C6921 /* Debug */,
				BB22DCCC4B880AC509F20C51 /* Release */,
			);
			defaultConfigurationIsVisible = 0;
			defaultConfigurationName = Debug;
		};
/* End XCConfigurationList section */

/* Begin XCLocalSwiftPackageReference section */
		626182ED7FF9B2C1A98B0790 /* XCLocalSwiftPackageReference "Core" */ = {
			isa = XCLocalSwiftPackageReference;
			relativePath = Core;
		};
/* End XCLocalSwiftPackageReference section */

/* Begin XCSwiftPackageProductDependency section */
		6DB1427F3F99DB4A6A074A46 /* DashboardCore */ = {
			isa = XCSwiftPackageProductDependency;
			productName = DashboardCore;
		};
/* End XCSwiftPackageProductDependency section */
	};
	rootObject = F6988797220F5BBEABE77CAF /* Project object */;
}
